// !$*UTF8*$!
{
	archiveVersion = 1;
	classes = {
	};
	objectVersion = 50;
	objects = {

/* Begin PBXBuildFile section */
		228FE3F524DC6F5E0082D89F /* UserData.swift in Sources */ = {isa = PBXBuildFile; fileRef = 228FE3F424DC6F5E0082D89F /* UserData.swift */; };
		228FE3F724DC707F0082D89F /* IncomeDetailView.swift in Sources */ = {isa = PBXBuildFile; fileRef = 228FE3F624DC707F0082D89F /* IncomeDetailView.swift */; };
		22F223DF24DB2A1900BD9F19 /* AppDelegate.swift in Sources */ = {isa = PBXBuildFile; fileRef = 22F223DE24DB2A1900BD9F19 /* AppDelegate.swift */; };
		22F223E124DB2A1900BD9F19 /* SceneDelegate.swift in Sources */ = {isa = PBXBuildFile; fileRef = 22F223E024DB2A1900BD9F19 /* SceneDelegate.swift */; };
		22F223E324DB2A1900BD9F19 /* ContentView.swift in Sources */ = {isa = PBXBuildFile; fileRef = 22F223E224DB2A1900BD9F19 /* ContentView.swift */; };
		22F223E524DB2A1C00BD9F19 /* Assets.xcassets in Resources */ = {isa = PBXBuildFile; fileRef = 22F223E424DB2A1C00BD9F19 /* Assets.xcassets */; };
		22F223E824DB2A1C00BD9F19 /* Preview Assets.xcassets in Resources */ = {isa = PBXBuildFile; fileRef = 22F223E724DB2A1C00BD9F19 /* Preview Assets.xcassets */; };
		22F223EB24DB2A1C00BD9F19 /* LaunchScreen.storyboard in Resources */ = {isa = PBXBuildFile; fileRef = 22F223E924DB2A1C00BD9F19 /* LaunchScreen.storyboard */; };
/* End PBXBuildFile section */

/* Begin PBXFileReference section */
		228FE3F424DC6F5E0082D89F /* UserData.swift */ = {isa = PBXFileReference; lastKnownFileType = sourcecode.swift; path = UserData.swift; sourceTree = "<group>"; };
		228FE3F624DC707F0082D89F /* IncomeDetailView.swift */ = {isa = PBXFileReference; lastKnownFileType = sourcecode.swift; path = IncomeDetailView.swift; sourceTree = "<group>"; };
		22F223DB24DB2A1900BD9F19 /* Income Tax Calculator.app */ = {isa = PBXFileReference; explicitFileType = wrapper.application; includeInIndex = 0; path = "Income Tax Calculator.app"; sourceTree = BUILT_PRODUCTS_DIR; };
		22F223DE24DB2A1900BD9F19 /* AppDelegate.swift */ = {isa = PBXFileReference; lastKnownFileType = sourcecode.swift; path = AppDelegate.swift; sourceTree = "<group>"; };
		22F223E024DB2A1900BD9F19 /* SceneDelegate.swift */ = {isa = PBXFileReference; lastKnownFileType = sourcecode.swift; path = SceneDelegate.swift; sourceTree = "<group>"; };
		22F223E224DB2A1900BD9F19 /* ContentView.swift */ = {isa = PBXFileReference; lastKnownFileType = sourcecode.swift; path = ContentView.swift; sourceTree = "<group>"; };
		22F223E424DB2A1C00BD9F19 /* Assets.xcassets */ = {isa = PBXFileReference; lastKnownFileType = folder.assetcatalog; path = Assets.xcassets; sourceTree = "<group>"; };
		22F223E724DB2A1C00BD9F19 /* Preview Assets.xcassets */ = {isa = PBXFileReference; lastKnownFileType = folder.assetcatalog; path = "Preview Assets.xcassets"; sourceTree = "<group>"; };
		22F223EA24DB2A1C00BD9F19 /* Base */ = {isa = PBXFileReference; lastKnownFileType = file.storyboard; name = Base; path = Base.lproj/LaunchScreen.storyboard; sourceTree = "<group>"; };
		22F223EC24DB2A1C00BD9F19 /* Info.plist */ = {isa = PBXFileReference; lastKnownFileType = text.plist.xml; path = Info.plist; sourceTree = "<group>"; };
/* End PBXFileReference section */

/* Begin PBXFrameworksBuildPhase section */
		22F223D824DB2A1900BD9F19 /* Frameworks */ = {
			isa = PBXFrameworksBuildPhase;
			buildActionMask = 2147483647;
			files = (
			);
			runOnlyForDeploymentPostprocessing = 0;
		};
/* End PBXFrameworksBuildPhase section */

/* Begin PBXGroup section */
		228FE3F324DC6F530082D89F /* Model */ = {
			isa = PBXGroup;
			children = (
				228FE3F424DC6F5E0082D89F /* UserData.swift */,
			);
			path = Model;
			sourceTree = "<group>";
		};
		22F223D224DB2A1900BD9F19 = {
			isa = PBXGroup;
			children = (
				22F223DD24DB2A1900BD9F19 /* Income Tax Calculator */,
				22F223DC24DB2A1900BD9F19 /* Products */,
			);
			sourceTree = "<group>";
		};
		22F223DC24DB2A1900BD9F19 /* Products */ = {
			isa = PBXGroup;
			children = (
				22F223DB24DB2A1900BD9F19 /* Income Tax Calculator.app */,
			);
			name = Products;
			sourceTree = "<group>";
		};
		22F223DD24DB2A1900BD9F19 /* Income Tax Calculator */ = {
			isa = PBXGroup;
			children = (
				228FE3F324DC6F530082D89F /* Model */,
				22F223DE24DB2A1900BD9F19 /* AppDelegate.swift */,
				22F223E024DB2A1900BD9F19 /* SceneDelegate.swift */,
				22F223E224DB2A1900BD9F19 /* ContentView.swift */,
				228FE3F624DC707F0082D89F /* IncomeDetailView.swift */,
				22F223E424DB2A1C00BD9F19 /* Assets.xcassets */,
				22F223E924DB2A1C00BD9F19 /* LaunchScreen.storyboard */,
				22F223EC24DB2A1C00BD9F19 /* Info.plist */,
				22F223E624DB2A1C00BD9F19 /* Preview Content */,
			);
			path = "Income Tax Calculator";
			sourceTree = "<group>";
		};
		22F223E624DB2A1C00BD9F19 /* Preview Content */ = {
			isa = PBXGroup;
			children = (
				22F223E724DB2A1C00BD9F19 /* Preview Assets.xcassets */,
			);
			path = "Preview Content";
			sourceTree = "<group>";
		};
/* End PBXGroup section */

/* Begin PBXNativeTarget section */
		22F223DA24DB2A1900BD9F19 /* Income Tax Calculator */ = {
			isa = PBXNativeTarget;
			buildConfigurationList = 22F223EF24DB2A1C00BD9F19 /* Build configuration list for PBXNativeTarget "Income Tax Calculator" */;
			buildPhases = (
				22F223D724DB2A1900BD9F19 /* Sources */,
				22F223D824DB2A1900BD9F19 /* Frameworks */,
				22F223D924DB2A1900BD9F19 /* Resources */,
			);
			buildRules = (
			);
			dependencies = (
			);
			name = "Income Tax Calculator";
			productName = "Income Tax Calculator";
			productReference = 22F223DB24DB2A1900BD9F19 /* Income Tax Calculator.app */;
			productType = "com.apple.product-type.application";
		};
/* End PBXNativeTarget section */

/* Begin PBXProject section */
		22F223D324DB2A1900BD9F19 /* Project object */ = {
			isa = PBXProject;
			attributes = {
				LastSwiftUpdateCheck = 1150;
				LastUpgradeCheck = 1150;
				ORGANIZATIONNAME = "Shanjinur Islam";
				TargetAttributes = {
					22F223DA24DB2A1900BD9F19 = {
						CreatedOnToolsVersion = 11.5;
					};
				};
			};
			buildConfigurationList = 22F223D624DB2A1900BD9F19 /* Build configuration list for PBXProject "Income Tax Calculator" */;
			compatibilityVersion = "Xcode 9.3";
			developmentRegion = en;
			hasScannedForEncodings = 0;
			knownRegions = (
				en,
				Base,
			);
			mainGroup = 22F223D224DB2A1900BD9F19;
			productRefGroup = 22F223DC24DB2A1900BD9F19 /* Products */;
			projectDirPath = "";
			projectRoot = "";
			targets = (
				22F223DA24DB2A1900BD9F19 /* Income Tax Calculator */,
			);
		};
/* End PBXProject section */

/* Begin PBXResourcesBuildPhase section */
		22F223D924DB2A1900BD9F19 /* Resources */ = {
			isa = PBXResourcesBuildPhase;
			buildActionMask = 2147483647;
			files = (
				22F223EB24DB2A1C00BD9F19 /* LaunchScreen.storyboard in Resources */,
				22F223E824DB2A1C00BD9F19 /* Preview Assets.xcassets in Resources */,
				22F223E524DB2A1C00BD9F19 /* Assets.xcassets in Resources */,
			);
			runOnlyForDeploymentPostprocessing = 0;
		};
/* End PBXResourcesBuildPhase section */

/* Begin PBXSourcesBuildPhase section */
		22F223D724DB2A1900BD9F19 /* Sources */ = {
			isa = PBXSourcesBuildPhase;
			buildActionMask = 2147483647;
			files = (
				22F223DF24DB2A1900BD9F19 /* AppDelegate.swift in Sources */,
				228FE3F724DC707F0082D89F /* IncomeDetailView.swift in Sources */,
				22F223E124DB2A1900BD9F19 /* SceneDelegate.swift in Sources */,
				228FE3F524DC6F5E0082D89F /* UserData.swift in Sources */,
				22F223E324DB2A1900BD9F19 /* ContentView.swift in Sources */,
			);
			runOnlyForDeploymentPostprocessing = 0;
		};
/* End PBXSourcesBuildPhase section */

/* Begin PBXVariantGroup section */
		22F223E924DB2A1C00BD9F19 /* LaunchScreen.storyboard */ = {
			isa = PBXVariantGroup;
			children = (
				22F223EA24DB2A1C00BD9F19 /* Base */,
			);
			name = LaunchScreen.storyboard;
			sourceTree = "<group>";
		};
/* End PBXVariantGroup section */

/* Begin XCBuildConfiguration section */
		22F223ED24DB2A1C00BD9F19 /* Debug */ = {
			isa = XCBuildConfiguration;
			buildSettings = {
				ALWAYS_SEARCH_USER_PATHS = NO;
				CLANG_ANALYZER_NONNULL = YES;
				CLANG_ANALYZER_NUMBER_OBJECT_CONVERSION = YES_AGGRESSIVE;
				CLANG_CXX_LANGUAGE_STANDARD = "gnu++14";
				CLANG_CXX_LIBRARY = "libc++";
				CLANG_ENABLE_MODULES = YES;
				CLANG_ENABLE_OBJC_ARC = YES;
				CLANG_ENABLE_OBJC_WEAK = YES;
				CLANG_WARN_BLOCK_CAPTURE_AUTORELEASING = YES;
				CLANG_WARN_BOOL_CONVERSION = YES;
				CLANG_WARN_COMMA = YES;
				CLANG_WARN_CONSTANT_CONVERSION = YES;
				CLANG_WARN_DEPRECATED_OBJC_IMPLEMENTATIONS = YES;
				CLANG_WARN_DIRECT_OBJC_ISA_USAGE = YES_ERROR;
				CLANG_WARN_DOCUMENTATION_COMMENTS = YES;
				CLANG_WARN_EMPTY_BODY = YES;
				CLANG_WARN_ENUM_CONVERSION = YES;
				CLANG_WARN_INFINITE_RECURSION = YES;
				CLANG_WARN_INT_CONVERSION = YES;
				CLANG_WARN_NON_LITERAL_NULL_CONVERSION = YES;
				CLANG_WARN_OBJC_IMPLICIT_RETAIN_SELF = YES;
				CLANG_WARN_OBJC_LITERAL_CONVERSION = YES;
				CLANG_WARN_OBJC_ROOT_CLASS = YES_ERROR;
				CLANG_WARN_RANGE_LOOP_ANALYSIS = YES;
				CLANG_WARN_STRICT_PROTOTYPES = YES;
				CLANG_WARN_SUSPICIOUS_MOVE = YES;
				CLANG_WARN_UNGUARDED_AVAILABILITY = YES_AGGRESSIVE;
				CLANG_WARN_UNREACHABLE_CODE = YES;
				CLANG_WARN__DUPLICATE_METHOD_MATCH = YES;
				COPY_PHASE_STRIP = NO;
				DEBUG_INFORMATION_FORMAT = dwarf;
				ENABLE_STRICT_OBJC_MSGSEND = YES;
				ENABLE_TESTABILITY = YES;
				GCC_C_LANGUAGE_STANDARD = gnu11;
				GCC_DYNAMIC_NO_PIC = NO;
				GCC_NO_COMMON_BLOCKS = YES;
				GCC_OPTIMIZATION_LEVEL = 0;
				GCC_PREPROCESSOR_DEFINITIONS = (
					"DEBUG=1",
					"$(inherited)",
				);
				GCC_WARN_64_TO_32_BIT_CONVERSION = YES;
				GCC_WARN_ABOUT_RETURN_TYPE = YES_ERROR;
				GCC_WARN_UNDECLARED_SELECTOR = YES;
				GCC_WARN_UNINITIALIZED_AUTOS = YES_AGGRESSIVE;
				GCC_WARN_UNUSED_FUNCTION = YES;
				GCC_WARN_UNUSED_VARIABLE = YES;
				IPHONEOS_DEPLOYMENT_TARGET = 13.5;
				MTL_ENABLE_DEBUG_INFO = INCLUDE_SOURCE;
				MTL_FAST_MATH = YES;
				ONLY_ACTIVE_ARCH = YES;
				SDKROOT = iphoneos;
				SWIFT_ACTIVE_COMPILATION_CONDITIONS = DEBUG;
				SWIFT_OPTIMIZATION_LEVEL = "-Onone";
			};
			name = Debug;
		};
		22F223EE24DB2A1C00BD9F19 /* Release */ = {
			isa = XCBuildConfiguration;
			buildSettings = {
				ALWAYS_SEARCH_USER_PATHS = NO;
				CLANG_ANALYZER_NONNULL = YES;
				CLANG_ANALYZER_NUMBER_OBJECT_CONVERSION = YES_AGGRESSIVE;
				CLANG_CXX_LANGUAGE_STANDARD = "gnu++14";
				CLANG_CXX_LIBRARY = "libc++";
				CLANG_ENABLE_MODULES = YES;
				CLANG_ENABLE_OBJC_ARC = YES;
				CLANG_ENABLE_OBJC_WEAK = YES;
				CLANG_WARN_BLOCK_CAPTURE_AUTORELEASING = YES;
				CLANG_WARN_BOOL_CONVERSION = YES;
				CLANG_WARN_COMMA = YES;
				CLANG_WARN_CONSTANT_CONVERSION = YES;
				CLANG_WARN_DEPRECATED_OBJC_IMPLEMENTATIONS = YES;
				CLANG_WARN_DIRECT_OBJC_ISA_USAGE = YES_ERROR;
				CLANG_WARN_DOCUMENTATION_COMMENTS = YES;
				CLANG_WARN_EMPTY_BODY = YES;
				CLANG_WARN_ENUM_CONVERSION = YES;
				CLANG_WARN_INFINITE_RECURSION = YES;
				CLANG_WARN_INT_CONVERSION = YES;
				CLANG_WARN_NON_LITERAL_NULL_CONVERSION = YES;
				CLANG_WARN_OBJC_IMPLICIT_RETAIN_SELF = YES;
				CLANG_WARN_OBJC_LITERAL_CONVERSION = YES;
				CLANG_WARN_OBJC_ROOT_CLASS = YES_ERROR;
				CLANG_WARN_RANGE_LOOP_ANALYSIS = YES;
				CLANG_WARN_STRICT_PROTOTYPES = YES;
				CLANG_WARN_SUSPICIOUS_MOVE = YES;
				CLANG_WARN_UNGUARDED_AVAILABILITY = YES_AGGRESSIVE;
				CLANG_WARN_UNREACHABLE_CODE = YES;
				CLANG_WARN__DUPLICATE_METHOD_MATCH = YES;
				COPY_PHASE_STRIP = NO;
				DEBUG_INFORMATION_FORMAT = "dwarf-with-dsym";
				ENABLE_NS_ASSERTIONS = NO;
				ENABLE_STRICT_OBJC_MSGSEND = YES;
				GCC_C_LANGUAGE_STANDARD = gnu11;
				GCC_NO_COMMON_BLOCKS = YES;
				GCC_WARN_64_TO_32_BIT_CONVERSION = YES;
				GCC_WARN_ABOUT_RETURN_TYPE = YES_ERROR;
				GCC_WARN_UNDECLARED_SELECTOR = YES;
				GCC_WARN_UNINITIALIZED_AUTOS = YES_AGGRESSIVE;
				GCC_WARN_UNUSED_FUNCTION = YES;
				GCC_WARN_UNUSED_VARIABLE = YES;
				IPHONEOS_DEPLOYMENT_TARGET = 13.5;
				MTL_ENABLE_DEBUG_INFO = NO;
				MTL_FAST_MATH = YES;
				SDKROOT = iphoneos;
				SWIFT_COMPILATION_MODE = wholemodule;
				SWIFT_OPTIMIZATION_LEVEL = "-O";
				VALIDATE_PRODUCT = YES;
			};
			name = Release;
		};
		22F223F024DB2A1C00BD9F19 /* Debug */ = {
			isa = XCBuildConfiguration;
			buildSettings = {
				ASSETCATALOG_COMPILER_APPICON_NAME = AppIcon;
				CODE_SIGN_STYLE = Automatic;
				DEVELOPMENT_ASSET_PATHS = "\"Income Tax Calculator/Preview Content\"";
				DEVELOPMENT_TEAM = 95TGYLRZP6;
				ENABLE_PREVIEWS = YES;
				INFOPLIST_FILE = "Income Tax Calculator/Info.plist";
				LD_RUNPATH_SEARCH_PATHS = (
					"$(inherited)",
					"@executable_path/Frameworks",
				);
				PRODUCT_BUNDLE_IDENTIFIER = "com.shanjinur.Income-Tax-Calculator";
				PRODUCT_NAME = "$(TARGET_NAME)";
				SWIFT_VERSION = 5.0;
				TARGETED_DEVICE_FAMILY = 1;
			};
			name = Debug;
		};
		22F223F124DB2A1C00BD9F19 /* Release */ = {
			isa = XCBuildConfiguration;
			buildSettings = {
				ASSETCATALOG_COMPILER_APPICON_NAME = AppIcon;
				CODE_SIGN_STYLE = Automatic;
				DEVELOPMENT_ASSET_PATHS = "\"Income Tax Calculator/Preview Content\"";
				DEVELOPMENT_TEAM = 95TGYLRZP6;
				ENABLE_PREVIEWS = YES;
				INFOPLIST_FILE = "Income Tax Calculator/Info.plist";
				LD_RUNPATH_SEARCH_PATHS = (
					"$(inherited)",
					"@executable_path/Frameworks",
				);
				PRODUCT_BUNDLE_IDENTIFIER = "com.shanjinur.Income-Tax-Calculator";
				PRODUCT_NAME = "$(TARGET_NAME)";
				SWIFT_VERSION = 5.0;
				TARGETED_DEVICE_FAMILY = 1;
			};
			name = Release;
		};
/* End XCBuildConfiguration section */

/* Begin XCConfigurationList section */
		22F223D624DB2A1900BD9F19 /* Build configuration list for PBXProject "Income Tax Calculator" */ = {
			isa = XCConfigurationList;
			buildConfigurations = (
				22F223ED24DB2A1C00BD9F19 /* Debug */,
				22F223EE24DB2A1C00BD9F19 /* Release */,
			);
			defaultConfigurationIsVisible = 0;
			defaultConfigurationName = Release;
		};
		22F223EF24DB2A1C00BD9F19 /* Build configuration list for PBXNativeTarget "Income Tax Calculator" */ = {
			isa = XCConfigurationList;
			buildConfigurations = (
				22F223F024DB2A1C00BD9F19 /* Debug */,
				22F223F124DB2A1C00BD9F19 /* Release */,
			);
			defaultConfigurationIsVisible = 0;
			defaultConfigurationName = Release;
		};
/* End XCConfigurationList section */
	};
	rootObject = 22F223D324DB2A1900BD9F19 /* Project object */;
}
